// !$*UTF8*$!
{
	archiveVersion = 1;
	classes = {
	};
	objectVersion = 46;
	objects = {

/* Begin PBXBuildFile section */
		F44910221CD7A52E00F8A09D /* AppDelegate.swift in Sources */ = {isa = PBXBuildFile; fileRef = F44910211CD7A52E00F8A09D /* AppDelegate.swift */; };
		F44910241CD7A52E00F8A09D /* ViewController.swift in Sources */ = {isa = PBXBuildFile; fileRef = F44910231CD7A52E00F8A09D /* ViewController.swift */; };
		F44910271CD7A52E00F8A09D /* Main.storyboard in Resources */ = {isa = PBXBuildFile; fileRef = F44910251CD7A52E00F8A09D /* Main.storyboard */; };
		F44910291CD7A52E00F8A09D /* Assets.xcassets in Resources */ = {isa = PBXBuildFile; fileRef = F44910281CD7A52E00F8A09D /* Assets.xcassets */; };
		F449102C1CD7A52E00F8A09D /* LaunchScreen.storyboard in Resources */ = {isa = PBXBuildFile; fileRef = F449102A1CD7A52E00F8A09D /* LaunchScreen.storyboard */; };
		F47B00C31CD8EEA20076B084 /* FactModel.swift in Sources */ = {isa = PBXBuildFile; fileRef = F47B00C21CD8EEA20076B084 /* FactModel.swift */; };
		F47B00C51CD9026D0076B084 /* ColorModel.swift in Sources */ = {isa = PBXBuildFile; fileRef = F47B00C41CD9026D0076B084 /* ColorModel.swift */; };
/* End PBXBuildFile section */

/* Begin PBXFileReference section */
		F449101E1CD7A52E00F8A09D /* FactsNigeria.app */ = {isa = PBXFileReference; explicitFileType = wrapper.application; includeInIndex = 0; path = FactsNigeria.app; sourceTree = BUILT_PRODUCTS_DIR; };
		F44910211CD7A52E00F8A09D /* AppDelegate.swift */ = {isa = PBXFileReference; lastKnownFileType = sourcecode.swift; path = AppDelegate.swift; sourceTree = "<group>"; };
		F44910231CD7A52E00F8A09D /* ViewController.swift */ = {isa = PBXFileReference; lastKnownFileType = sourcecode.swift; path = ViewController.swift; sourceTree = "<group>"; };
		F44910261CD7A52E00F8A09D /* Base */ = {isa = PBXFileReference; lastKnownFileType = file.storyboard; name = Base; path = Base.lproj/Main.storyboard; sourceTree = "<group>"; };
		F44910281CD7A52E00F8A09D /* Assets.xcassets */ = {isa = PBXFileReference; lastKnownFileType = folder.assetcatalog; path = Assets.xcassets; sourceTree = "<group>"; };
		F449102B1CD7A52E00F8A09D /* Base */ = {isa = PBXFileReference; lastKnownFileType = file.storyboard; name = Base; path = Base.lproj/LaunchScreen.storyboard; sourceTree = "<group>"; };
		F449102D1CD7A52E00F8A09D /* Info.plist */ = {isa = PBXFileReference; lastKnownFileType = text.plist.xml; path = Info.plist; sourceTree = "<group>"; };
		F47B00C21CD8EEA20076B084 /* FactModel.swift */ = {isa = PBXFileReference; fileEncoding = 4; lastKnownFileType = sourcecode.swift; path = FactModel.swift; sourceTree = "<group>"; };
		F47B00C41CD9026D0076B084 /* ColorModel.swift */ = {isa = PBXFileReference; fileEncoding = 4; lastKnownFileType = sourcecode.swift; path = ColorModel.swift; sourceTree = "<group>"; };
/* End PBXFileReference section */

/* Begin PBXFrameworksBuildPhase section */
		F449101B1CD7A52E00F8A09D /* Frameworks */ = {
			isa = PBXFrameworksBuildPhase;
			buildActionMask = 2147483647;
			files = (
			);
			runOnlyForDeploymentPostprocessing = 0;
		};
/* End PBXFrameworksBuildPhase section */

/* Begin PBXGroup section */
		F44910151CD7A52E00F8A09D = {
			isa = PBXGroup;
			children = (
				F44910201CD7A52E00F8A09D /* FactsNigeria */,
				F449101F1CD7A52E00F8A09D /* Products */,
			);
			sourceTree = "<group>";
		};
		F449101F1CD7A52E00F8A09D /* Products */ = {
			isa = PBXGroup;
			children = (
				F449101E1CD7A52E00F8A09D /* FactsNigeria.app */,
			);
			name = Products;
			sourceTree = "<group>";
		};
		F44910201CD7A52E00F8A09D /* FactsNigeria */ = {
			isa = PBXGroup;
			children = (
				F44910211CD7A52E00F8A09D /* AppDelegate.swift */,
				F44910231CD7A52E00F8A09D /* ViewController.swift */,
				F44910251CD7A52E00F8A09D /* Main.storyboard */,
				F47B00C21CD8EEA20076B084 /* FactModel.swift */,
				F47B00C41CD9026D0076B084 /* ColorModel.swift */,
				F44910281CD7A52E00F8A09D /* Assets.xcassets */,
				F449102A1CD7A52E00F8A09D /* LaunchScreen.storyboard */,
				F449102D1CD7A52E00F8A09D /* Info.plist */,
			);
			name = FactsNigeria;
			path = FunFacts;
			sourceTree = "<group>";
		};
/* End PBXGroup section */

/* Begin PBXNativeTarget section */
		F449101D1CD7A52E00F8A09D /* FactsNigeria */ = {
			isa = PBXNativeTarget;
			buildConfigurationList = F44910301CD7A52E00F8A09D /* Build configuration list for PBXNativeTarget "FactsNigeria" */;
			buildPhases = (
				F449101A1CD7A52E00F8A09D /* Sources */,
				F449101B1CD7A52E00F8A09D /* Frameworks */,
				F449101C1CD7A52E00F8A09D /* Resources */,
			);
			buildRules = (
			);
			dependencies = (
			);
			name = FactsNigeria;
			productName = FunFacts;
			productReference = F449101E1CD7A52E00F8A09D /* FactsNigeria.app */;
			productType = "com.apple.product-type.application";
		};
/* End PBXNativeTarget section */

/* Begin PBXProject section */
		F44910161CD7A52E00F8A09D /* Project object */ = {
			isa = PBXProject;
			attributes = {
				LastSwiftUpdateCheck = 0730;
				LastUpgradeCheck = 0730;
				ORGANIZATIONNAME = "Oghosa Igbinakenzua";
				TargetAttributes = {
					F449101D1CD7A52E00F8A09D = {
						CreatedOnToolsVersion = 7.3;
						DevelopmentTeam = 48A5VCHP84;
					};
				};
			};
			buildConfigurationList = F44910191CD7A52E00F8A09D /* Build configuration list for PBXProject "FactsNigeria" */;
			compatibilityVersion = "Xcode 3.2";
			developmentRegion = English;
			hasScannedForEncodings = 0;
			knownRegions = (
				en,
				Base,
			);
			mainGroup = F44910151CD7A52E00F8A09D;
			productRefGroup = F449101F1CD7A52E00F8A09D /* Products */;
			projectDirPath = "";
			projectRoot = "";
			targets = (
				F449101D1CD7A52E00F8A09D /* FactsNigeria */,
			);
		};
/* End PBXProject section */

/* Begin PBXResourcesBuildPhase section */
		F449101C1CD7A52E00F8A09D /* Resources */ = {
			isa = PBXResourcesBuildPhase;
			buildActionMask = 2147483647;
			files = (
				F449102C1CD7A52E00F8A09D /* LaunchScreen.storyboard in Resources */,
				F44910291CD7A52E00F8A09D /* Assets.xcassets in Resources */,
				F44910271CD7A52E00F8A09D /* Main.storyboard in Resources */,
			);
			runOnlyForDeploymentPostprocessing = 0;
		};
/* End PBXResourcesBuildPhase section */

/* Begin PBXSourcesBuildPhase section */
		F449101A1CD7A52E00F8A09D /* Sources */ = {
			isa = PBXSourcesBuildPhase;
			buildActionMask = 2147483647;
			files = (
				F47B00C31CD8EEA20076B084 /* FactModel.swift in Sources */,
				F44910241CD7A52E00F8A09D /* ViewController.swift in Sources */,
				F44910221CD7A52E00F8A09D /* AppDelegate.swift in Sources */,
				F47B00C51CD9026D0076B084 /* ColorModel.swift in Sources */,
			);
			runOnlyForDeploymentPostprocessing = 0;
		};
/* End PBXSourcesBuildPhase section */

/* Begin PBXVariantGroup section */
		F44910251CD7A52E00F8A09D /* Main.storyboard */ = {
			isa = PBXVariantGroup;
			children = (
				F44910261CD7A52E00F8A09D /* Base */,
			);
			name = Main.storyboard;
			sourceTree = "<group>";
		};
		F449102A1CD7A52E00F8A09D /* LaunchScreen.storyboard */ = {
			isa = PBXVariantGroup;
			children = (
				F449102B1CD7A52E00F8A09D /* Base */,
			);
			name = LaunchScreen.storyboard;
			sourceTree = "<group>";
		};
/* End PBXVariantGroup section */

/* Begin XCBuildConfiguration section */
		F449102E1CD7A52E00F8A09D /* Debug */ = {
			isa = XCBuildConfiguration;
			buildSettings = {
				ALWAYS_SEARCH_USER_PATHS = NO;
				CLANG_ANALYZER_NONNULL = YES;
				CLANG_CXX_LANGUAGE_STANDARD = "gnu++0x";
				CLANG_CXX_LIBRARY = "libc++";
				CLANG_ENABLE_MODULES = YES;
				CLANG_ENABLE_OBJC_ARC = YES;
				CLANG_WARN_BOOL_CONVERSION = YES;
				CLANG_WARN_CONSTANT_CONVERSION = YES;
				CLANG_WARN_DIRECT_OBJC_ISA_USAGE = YES_ERROR;
				CLANG_WARN_EMPTY_BODY = YES;
				CLANG_WARN_ENUM_CONVERSION = YES;
				CLANG_WARN_INT_CONVERSION = YES;
				CLANG_WARN_OBJC_ROOT_CLASS = YES_ERROR;
				CLANG_WARN_UNREACHABLE_CODE = YES;
				CLANG_WARN__DUPLICATE_METHOD_MATCH = YES;
				CODE_SIGN_IDENTITY = "iPhone Distribution: Oghosa Igbinakenzua (48A5VCHP84)";
				"CODE_SIGN_IDENTITY[sdk=iphoneos*]" = "iPhone Distribution: Oghosa Igbinakenzua (48A5VCHP84)";
				COPY_PHASE_STRIP = NO;
				DEBUG_INFORMATION_FORMAT = dwarf;
				ENABLE_STRICT_OBJC_MSGSEND = YES;
				ENABLE_TESTABILITY = YES;
				GCC_C_LANGUAGE_STANDARD = gnu99;
				GCC_DYNAMIC_NO_PIC = NO;
				GCC_NO_COMMON_BLOCKS = YES;
				GCC_OPTIMIZATION_LEVEL = 0;
				GCC_PREPROCESSOR_DEFINITIONS = (
					"DEBUG=1",
					"$(inherited)",
				);
				GCC_WARN_64_TO_32_BIT_CONVERSION = YES;
				GCC_WARN_ABOUT_RETURN_TYPE = YES_ERROR;
				GCC_WARN_UNDECLARED_SELECTOR = YES;
				GCC_WARN_UNINITIALIZED_AUTOS = YES_AGGRESSIVE;
				GCC_WARN_UNUSED_FUNCTION = YES;
				GCC_WARN_UNUSED_VARIABLE = YES;
				IPHONEOS_DEPLOYMENT_TARGET = 9.3;
				MTL_ENABLE_DEBUG_INFO = YES;
				ONLY_ACTIVE_ARCH = YES;
				SDKROOT = iphoneos;
				SWIFT_OPTIMIZATION_LEVEL = "-Onone";
			};
			name = Debug;
		};
		F449102F1CD7A52E00F8A09D /* Release */ = {
			isa = XCBuildConfiguration;
			buildSettings = {
				ALWAYS_SEARCH_USER_PATHS = NO;
				CLANG_ANALYZER_NONNULL = YES;
				CLANG_CXX_LANGUAGE_STANDARD = "gnu++0x";
				CLANG_CXX_LIBRARY = "libc++";
				CLANG_ENABLE_MODULES = YES;
				CLANG_ENABLE_OBJC_ARC = YES;
				CLANG_WARN_BOOL_CONVERSION = YES;
				CLANG_WARN_CONSTANT_CONVERSION = YES;
				CLANG_WARN_DIRECT_OBJC_ISA_USAGE = YES_ERROR;
				CLANG_WARN_EMPTY_BODY = YES;
				CLANG_WARN_ENUM_CONVERSION = YES;
				CLANG_WARN_INT_CONVERSION = YES;
				CLANG_WARN_OBJC_ROOT_CLASS = YES_ERROR;
				CLANG_WARN_UNREACHABLE_CODE = YES;
				CLANG_WARN__DUPLICATE_METHOD_MATCH = YES;
				CODE_SIGN_IDENTITY = "iPhone Distribution: Oghosa Igbinakenzua (48A5VCHP84)";
				"CODE_SIGN_IDENTITY[sdk=iphoneos*]" = "iPhone Distribution: Oghosa Igbinakenzua (48A5VCHP84)";
				COPY_PHASE_STRIP = NO;
				DEBUG_INFORMATION_FORMAT = "dwarf-with-dsym";
				ENABLE_NS_ASSERTIONS = NO;
				ENABLE_STRICT_OBJC_MSGSEND = YES;
				GCC_C_LANGUAGE_STANDARD = gnu99;
				GCC_NO_COMMON_BLOCKS = YES;
				GCC_WARN_64_TO_32_BIT_CONVERSION = YES;
				GCC_WARN_ABOUT_RETURN_TYPE = YES_ERROR;
				GCC_WARN_UNDECLARED_SELECTOR = YES;
				GCC_WARN_UNINITIALIZED_AUTOS = YES_AGGRESSIVE;
				GCC_WARN_UNUSED_FUNCTION = YES;
				GCC_WARN_UNUSED_VARIABLE = YES;
				IPHONEOS_DEPLOYMENT_TARGET = 9.3;
				MTL_ENABLE_DEBUG_INFO = NO;
				SDKROOT = iphoneos;
				VALIDATE_PRODUCT = YES;
			};
			name = Release;
		};
		F44910311CD7A52E00F8A09D /* Debug */ = {
			isa = XCBuildConfiguration;
			buildSettings = {
				ASSETCATALOG_COMPILER_APPICON_NAME = AppIcon;
				CODE_SIGN_IDENTITY = "iPhone Developer";
				"CODE_SIGN_IDENTITY[sdk=iphoneos*]" = "iPhone Developer";
				INFOPLIST_FILE = FunFacts/Info.plist;
				LD_RUNPATH_SEARCH_PATHS = "$(inherited) @executable_path/Frameworks";
				PRODUCT_BUNDLE_IDENTIFIER = com.oghosaIgbinakenzua.FactsNigeria;
				PRODUCT_NAME = FactsNigeria;
				PROVISIONING_PROFILE = "";
			};
			name = Debug;
		};
		F44910321CD7A52E00F8A09D /* Release */ = {
			isa = XCBuildConfiguration;
			buildSettings = {
				ASSETCATALOG_COMPILER_APPICON_NAME = AppIcon;
				CODE_SIGN_IDENTITY = "iPhone Developer";
				"CODE_SIGN_IDENTITY[sdk=iphoneos*]" = "iPhone Developer";
				INFOPLIST_FILE = FunFacts/Info.plist;
				LD_RUNPATH_SEARCH_PATHS = "$(inherited) @executable_path/Frameworks";
				PRODUCT_BUNDLE_IDENTIFIER = com.oghosaIgbinakenzua.FactsNigeria;
				PRODUCT_NAME = FactsNigeria;
				PROVISIONING_PROFILE = "";
			};
			name = Release;
		};
		F4AF7B251CF34A28005594CF /* Distribution */ = {
			isa = XCBuildConfiguration;
			buildSettings = {
				ALWAYS_SEARCH_USER_PATHS = NO;
				CLANG_ANALYZER_NONNULL = YES;
				CLANG_CXX_LANGUAGE_STANDARD = "gnu++0x";
				CLANG_CXX_LIBRARY = "libc++";
				CLANG_ENABLE_MODULES = YES;
				CLANG_ENABLE_OBJC_ARC = YES;
				CLANG_WARN_BOOL_CONVERSION = YES;
				CLANG_WARN_CONSTANT_CONVERSION = YES;
				CLANG_WARN_DIRECT_OBJC_ISA_USAGE = YES_ERROR;
				CLANG_WARN_EMPTY_BODY = YES;
				CLANG_WARN_ENUM_CONVERSION = YES;
				CLANG_WARN_INT_CONVERSION = YES;
				CLANG_WARN_OBJC_ROOT_CLASS = YES_ERROR;
				CLANG_WARN_UNREACHABLE_CODE = YES;
				CLANG_WARN__DUPLICATE_METHOD_MATCH = YES;
				CODE_SIGN_IDENTITY = "iPhone Distribution: Oghosa Igbinakenzua (48A5VCHP84)";
				"CODE_SIGN_IDENTITY[sdk=iphoneos*]" = "iPhone Distribution: Oghosa Igbinakenzua (48A5VCHP84)";
				COPY_PHASE_STRIP = NO;
				DEBUG_INFORMATION_FORMAT = "dwarf-with-dsym";
				ENABLE_NS_ASSERTIONS = NO;
				ENABLE_STRICT_OBJC_MSGSEND = YES;
				GCC_C_LANGUAGE_STANDARD = gnu99;
				GCC_NO_COMMON_BLOCKS = YES;
				GCC_WARN_64_TO_32_BIT_CONVERSION = YES;
				GCC_WARN_ABOUT_RETURN_TYPE = YES_ERROR;
				GCC_WARN_UNDECLARED_SELECTOR = YES;
				GCC_WARN_UNINITIALIZED_AUTOS = YES_AGGRESSIVE;
				GCC_WARN_UNUSED_FUNCTION = YES;
				GCC_WARN_UNUSED_VARIABLE = YES;
				IPHONEOS_DEPLOYMENT_TARGET = 9.3;
				MTL_ENABLE_DEBUG_INFO = NO;
				SDKROOT = iphoneos;
				VALIDATE_PRODUCT = YES;
			};
			name = Distribution;
		};
		F4AF7B261CF34A28005594CF /* Distribution */ = {
			isa = XCBuildConfiguration;
			buildSettings = {
				ASSETCATALOG_COMPILER_APPICON_NAME = AppIcon;
				CODE_SIGN_IDENTITY = "iPhone Developer";
				"CODE_SIGN_IDENTITY[sdk=iphoneos*]" = "iPhone Developer";
				INFOPLIST_FILE = FunFacts/Info.plist;
				LD_RUNPATH_SEARCH_PATHS = "$(inherited) @executable_path/Frameworks";
				PRODUCT_BUNDLE_IDENTIFIER = com.oghosaIgbinakenzua.FactsNigeria;
				PRODUCT_NAME = FactsNigeria;
				PROVISIONING_PROFILE = "";
			};
			name = Distribution;
		};
/* End XCBuildConfiguration section */

/* Begin XCConfigurationList section */
		F44910191CD7A52E00F8A09D /* Build configuration list for PBXProject "FactsNigeria" */ = {
			isa = XCConfigurationList;
			buildConfigurations = (
				F449102E1CD7A52E00F8A09D /* Debug */,
				F449102F1CD7A52E00F8A09D /* Release */,
				F4AF7B251CF34A28005594CF /* Distribution */,
			);
			defaultConfigurationIsVisible = 0;
			defaultConfigurationName = Release;
		};
		F44910301CD7A52E00F8A09D /* Build configuration list for PBXNativeTarget "FactsNigeria" */ = {
			isa = XCConfigurationList;
			buildConfigurations = (
				F44910311CD7A52E00F8A09D /* Debug */,
				F44910321CD7A52E00F8A09D /* Release */,
				F4AF7B261CF34A28005594CF /* Distribution */,
			);
			defaultConfigurationIsVisible = 0;
			defaultConfigurationName = Release;
		};
/* End XCConfigurationList section */
	};
	rootObject = F44910161CD7A52E00F8A09D /* Project object */;
}
